
Microsoft Visual Studio Solution File, Format Version 12.00
# Visual Studio Version 16
VisualStudioVersion = 16.0.29728.190
MinimumVisualStudioVersion = 10.0.40219.1
Project("{FAE04EC0-301F-11D3-BF4B-00C04F79EFBC}") = "datorium-snake-game-cs", "datorium-snake-game-cs.csproj", "{8AC648CE-3BAB-49BE-AC63-F92F8B05C8EF}"
EndProject
Global
	GlobalSection(SolutionConfigurationPlatforms) = preSolution
		Debug|Any CPU = Debug|Any CPU
		Release|Any CPU = Release|Any CPU
	EndGlobalSection
	GlobalSection(ProjectConfigurationPlatforms) = postSolution
		{8AC648CE-3BAB-49BE-AC63-F92F8B05C8EF}.Debug|Any CPU.ActiveCfg = Debug|Any CPU
		{8AC648CE-3BAB-49BE-AC63-F92F8B05C8EF}.Debug|Any CPU.Build.0 = Debug|Any CPU
		{8AC648CE-3BAB-49BE-AC63-F92F8B05C8EF}.Release|Any CPU.ActiveCfg = Release|Any CPU
		{8AC648CE-3BAB-49BE-AC63-F92F8B05C8EF}.Release|Any CPU.Build.0 = Release|Any CPU
	EndGlobalSection
	GlobalSection(SolutionProperties) = preSolution
		HideSolutionNode = FALSE
	EndGlobalSection
	GlobalSection(ExtensibilityGlobals) = postSolution
		SolutionGuid = {4C694E29-2E59-43AE-89C9-DAB7B465DA12}
	EndGlobalSection
EndGlobal
